
Microsoft Visual Studio Solution File, Format Version 12.00
# Visual Studio 15
VisualStudioVersion = 15.0.28307.852
MinimumVisualStudioVersion = 10.0.40219.1
Project("{FAE04EC0-301F-11D3-BF4B-00C04F79EFBC}") = "adsinfosystemsapp", "adsinfosystemsapp\adsinfosystemsapp.csproj", "{D7507805-AE42-435F-A82E-F39C702D0641}"
EndProject
Global
	GlobalSection(SolutionConfigurationPlatforms) = preSolution
		Debug|Any CPU = Debug|Any CPU
		Release|Any CPU = Release|Any CPU
	EndGlobalSection
	GlobalSection(ProjectConfigurationPlatforms) = postSolution
		{D7507805-AE42-435F-A82E-F39C702D0641}.Debug|Any CPU.ActiveCfg = Debug|Any CPU
		{D7507805-AE42-435F-A82E-F39C702D0641}.Debug|Any CPU.Build.0 = Debug|Any CPU
		{D7507805-AE42-435F-A82E-F39C702D0641}.Release|Any CPU.ActiveCfg = Release|Any CPU
		{D7507805-AE42-435F-A82E-F39C702D0641}.Release|Any CPU.Build.0 = Release|Any CPU
	EndGlobalSection
	GlobalSection(SolutionProperties) = preSolution
		HideSolutionNode = FALSE
	EndGlobalSection
	GlobalSection(ExtensibilityGlobals) = postSolution
		SolutionGuid = {751E4946-B5D1-4D49-9F9D-8104C101588F}
	EndGlobalSection
EndGlobal
